{
  "name": "burnfolder-newsletter",
  "version": "1.0.0",
  "lockfileVersion": 3,
  "requires": true,
  "packages": {
    "": {
      "name": "burnfolder-newsletter",
      "version": "1.0.0",
      "license": "ISC",
      "dependencies": {
        "@aws-sdk/client-s3": "^3.1087.0",
        "@aws-sdk/s3-request-presigner": "^3.1087.0",
        "@netlify/blobs": "^8.2.0",
        "@octokit/rest": "^20.0.2",
        "shippo": "^2.18.0",
        "stripe": "^22.0.0"
      }
    },
    "node_modules/@aws-sdk/checksums": {
      "version": "3.1000.17",
      "resolved": "https://registry.npmjs.org/@aws-sdk/checksums/-/checksums-3.1000.17.tgz",
      "integrity": "sha512-k45iXM7w8Pyknnz/vTXSS/IkLDNFdgnBQI7Hmq+uhsrW7NGT/BiUJGlv20QSKzihmH1XDvSCRILICaKi57/35w==",
      "license": "Apache-2.0",
      "dependencies": {
        "@aws-sdk/core": "^3.975.2",
        "@aws-sdk/types": "^3.974.1",
        "@smithy/core": "^3.29.3",
        "@smithy/types": "^4.16.1",
        "tslib": "^2.6.2"
      },
      "engines": {
        "node": ">=20.0.0"
      }
    },
    "node_modules/@aws-sdk/client-s3": {
      "version": "3.1087.0",
      "resolved": "https://registry.npmjs.org/@aws-sdk/client-s3/-/client-s3-3.1087.0.tgz",
      "integrity": "sha512-44ua5vo5JiFFSnG3oeeWTMfSjOtblQSoJiGbf37s0W4Lr7IY9NmIVkBHIfD4hBI1VEKdvJhDmvuJawwTfi2pvw==",
      "license": "Apache-2.0",
      "dependencies": {
        "@aws-sdk/checksums": "^3.1000.17",
        "@aws-sdk/core": "^3.975.2",
        "@aws-sdk/credential-provider-node": "^3.972.68",
        "@aws-sdk/middleware-sdk-s3": "^3.972.63",
        "@aws-sdk/signature-v4-multi-region": "^3.996.40",
        "@aws-sdk/types": "^3.974.1",
        "@smithy/core": "^3.29.3",
        "@smithy/fetch-http-handler": "^5.6.5",
        "@smithy/node-http-handler": "^4.9.5",
        "@smithy/types": "^4.16.1",
        "tslib": "^2.6.2"
      },
      "engines": {
        "node": ">=20.0.0"
      }
    },
    "node_modules/@aws-sdk/core": {
      "version": "3.975.2",
      "resolved": "https://registry.npmjs.org/@aws-sdk/core/-/core-3.975.2.tgz",
      "integrity": "sha512-iyeXwziyjJpixq5OmhsIyrSWx8vwcI7gDo4yRUC3EP7NQtOo9iAJiIEc3G+/HkhtNXqOhofiCK7Lc34Sq+fJWg==",
      "license": "Apache-2.0",
      "dependencies": {
        "@aws-sdk/types": "^3.974.1",
        "@aws-sdk/xml-builder": "^3.972.35",
        "@aws/lambda-invoke-store": "^0.3.0",
        "@smithy/core": "^3.29.3",
        "@smithy/signature-v4": "^5.6.3",
        "@smithy/types": "^4.16.1",
        "bowser": "^2.11.0",
        "tslib": "^2.6.2"
      },
      "engines": {
        "node": ">=20.0.0"
      }
    },
    "node_modules/@aws-sdk/credential-provider-env": {
      "version": "3.972.58",
      "resolved": "https://registry.npmjs.org/@aws-sdk/credential-provider-env/-/credential-provider-env-3.972.58.tgz",
      "integrity": "sha512-vyGtvK1rY940eq7JT0yIGKuZ+2kpPSJcHibSvGlit5oiMFDamzC7cxBGLl4FLnd6suihMXDI2FSF2dL6TmBqPA==",
      "license": "Apache-2.0",
      "dependencies": {
        "@aws-sdk/core": "^3.975.2",
        "@aws-sdk/types": "^3.974.1",
        "@smithy/core": "^3.29.3",
        "@smithy/types": "^4.16.1",
        "tslib": "^2.6.2"
      },
      "engines": {
        "node": ">=20.0.0"
      }
    },
    "node_modules/@aws-sdk/credential-provider-http": {
      "version": "3.972.60",
      "resolved": "https://registry.npmjs.org/@aws-sdk/credential-provider-http/-/credential-provider-http-3.972.60.tgz",
      "integrity": "sha512-g9b9YzDrD5pcKiPBJfCSXRfFMrA39eR0guUhZ5SRm+7vMAVc43+effxbcamxBjSd5bUhrdKo5te/yQuWurLXLA==",
      "license": "Apache-2.0",
      "dependencies": {
        "@aws-sdk/core": "^3.975.2",
        "@aws-sdk/types": "^3.974.1",
        "@smithy/core": "^3.29.3",
        "@smithy/fetch-http-handler": "^5.6.5",
        "@smithy/node-http-handler": "^4.9.5",
        "@smithy/types": "^4.16.1",
        "tslib": "^2.6.2"
      },
      "engines": {
        "node": ">=20.0.0"
      }
    },
    "node_modules/@aws-sdk/credential-provider-ini": {
      "version": "3.973.2",
      "resolved": "https://registry.npmjs.org/@aws-sdk/credential-provider-ini/-/credential-provider-ini-3.973.2.tgz",
      "integrity": "sha512-Yr7yxNyQ8aHt9Ww0RPFUZx+xiem+vl7vuwhP0tniTijoesJNV5jou9HCgVpI0GEPAF+89TkOvilE5uRrZJnjaw==",
      "license": "Apache-2.0",
      "dependencies": {
        "@aws-sdk/core": "^3.975.2",
        "@aws-sdk/credential-provider-env": "^3.972.58",
        "@aws-sdk/credential-provider-http": "^3.972.60",
        "@aws-sdk/credential-provider-login": "^3.972.64",
        "@aws-sdk/credential-provider-process": "^3.972.58",
        "@aws-sdk/credential-provider-sso": "^3.973.2",
        "@aws-sdk/credential-provider-web-identity": "^3.972.64",
        "@aws-sdk/nested-clients": "^3.997.32",
        "@aws-sdk/types": "^3.974.1",
        "@smithy/core": "^3.29.3",
        "@smithy/credential-provider-imds": "^4.4.7",
        "@smithy/types": "^4.16.1",
        "tslib": "^2.6.2"
      },
      "engines": {
        "node": ">=20.0.0"
      }
    },
    "node_modules/@aws-sdk/credential-provider-login": {
      "version": "3.972.64",
      "resolved": "https://registry.npmjs.org/@aws-sdk/credential-provider-login/-/credential-provider-login-3.972.64.tgz",
      "integrity": "sha512-YQoSI4d6kXvoenoG/0Jv/PqaAuukHzGmGXGyHBQYeEUNsYovlNAn/Sw1wp/WQbhcQ3HsEMGgjEahvD3igz6ecQ==",
      "license": "Apache-2.0",
      "dependencies": {
        "@aws-sdk/core": "^3.975.2",
        "@aws-sdk/nested-clients": "^3.997.32",
        "@aws-sdk/types": "^3.974.1",
        "@smithy/core": "^3.29.3",
        "@smithy/types": "^4.16.1",
        "tslib": "^2.6.2"
      },
      "engines": {
        "node": ">=20.0.0"
      }
    },
    "node_modules/@aws-sdk/credential-provider-node": {
      "version": "3.972.68",
      "resolved": "https://registry.npmjs.org/@aws-sdk/credential-provider-node/-/credential-provider-node-3.972.68.tgz",
      "integrity": "sha512-4akjzW9CjorByYfqXBXmYUh/h7Io3U4DtVgGGh9TQraZ7ZlyJqNyHwDRGiUFnHD+BTOeTbCesCa4sJaK7BGZ7A==",
      "license": "Apache-2.0",
      "dependencies": {
        "@aws-sdk/credential-provider-env": "^3.972.58",
        "@aws-sdk/credential-provider-http": "^3.972.60",
        "@aws-sdk/credential-provider-ini": "^3.973.2",
        "@aws-sdk/credential-provider-process": "^3.972.58",
        "@aws-sdk/credential-provider-sso": "^3.973.2",
        "@aws-sdk/credential-provider-web-identity": "^3.972.64",
        "@aws-sdk/types": "^3.974.1",
        "@smithy/core": "^3.29.3",
        "@smithy/credential-provider-imds": "^4.4.7",
        "@smithy/types": "^4.16.1",
        "tslib": "^2.6.2"
      },
      "engines": {
        "node": ">=20.0.0"
      }
    },
    "node_modules/@aws-sdk/credential-provider-process": {
      "version": "3.972.58",
      "resolved": "https://registry.npmjs.org/@aws-sdk/credential-provider-process/-/credential-provider-process-3.972.58.tgz",
      "integrity": "sha512-1nYitRCaDmXWUrpBJt6WlcGjLx1JVsMY8rlYuHHsTYTSaYikbixYdQSyINN2VYq1F798uTO9qHAzytL25M8g3A==",
      "license": "Apache-2.0",
      "dependencies": {
        "@aws-sdk/core": "^3.975.2",
        "@aws-sdk/types": "^3.974.1",
        "@smithy/core": "^3.29.3",
        "@smithy/types": "^4.16.1",
        "tslib": "^2.6.2"
      },
      "engines": {
        "node": ">=20.0.0"
      }
    },
    "node_modules/@aws-sdk/credential-provider-sso": {
      "version": "3.973.2",
      "resolved": "https://registry.npmjs.org/@aws-sdk/credential-provider-sso/-/credential-provider-sso-3.973.2.tgz",
      "integrity": "sha512-pjMLaLU/JZi5lVfmR14V1OZqRBTuMHf6AwGNZA0K9hK+JKtO3jcLBarfD8iq5oc8cSowvc/9R32sqMVXZPo6xQ==",
      "license": "Apache-2.0",
      "dependencies": {
        "@aws-sdk/core": "^3.975.2",
        "@aws-sdk/nested-clients": "^3.997.32",
        "@aws-sdk/token-providers": "3.1087.0",
        "@aws-sdk/types": "^3.974.1",
        "@smithy/core": "^3.29.3",
        "@smithy/types": "^4.16.1",
        "tslib": "^2.6.2"
      },
      "engines": {
        "node": ">=20.0.0"
      }
    },
    "node_modules/@aws-sdk/credential-provider-web-identity": {
      "version": "3.972.64",
      "resolved": "https://registry.npmjs.org/@aws-sdk/credential-provider-web-identity/-/credential-provider-web-identity-3.972.64.tgz",
      "integrity": "sha512-7Buc7p0OvDHW7iBsu4b+YdS0WnaFBDGKDfbVQqaac9dkWiSiUtIoarBDsA1RmOVXZijaZJDoHJFIQiicQvWRlQ==",
      "license": "Apache-2.0",
      "dependencies": {
        "@aws-sdk/core": "^3.975.2",
        "@aws-sdk/nested-clients": "^3.997.32",
        "@aws-sdk/types": "^3.974.1",
        "@smithy/core": "^3.29.3",
        "@smithy/types": "^4.16.1",
        "tslib": "^2.6.2"
      },
      "engines": {
        "node": ">=20.0.0"
      }
    },
    "node_modules/@aws-sdk/middleware-sdk-s3": {
      "version": "3.972.63",
      "resolved": "https://registry.npmjs.org/@aws-sdk/middleware-sdk-s3/-/middleware-sdk-s3-3.972.63.tgz",
      "integrity": "sha512-EklitJscj/Aq2Pk8nz0xSxvL+VMSP29iFqouQU0Ow05JKn5y/OhI81ujkfVS72MjD1yeoU9uIdT8c/W6vhktQw==",
      "license": "Apache-2.0",
      "dependencies": {
        "@aws-sdk/core": "^3.975.2",
        "@aws-sdk/signature-v4-multi-region": "^3.996.40",
        "@aws-sdk/types": "^3.974.1",
        "@smithy/core": "^3.29.3",
        "@smithy/types": "^4.16.1",
        "tslib": "^2.6.2"
      },
      "engines": {
        "node": ">=20.0.0"
      }
    },
    "node_modules/@aws-sdk/nested-clients": {
      "version": "3.997.32",
      "resolved": "https://registry.npmjs.org/@aws-sdk/nested-clients/-/nested-clients-3.997.32.tgz",
      "integrity": "sha512-6Yj2fr9XF67cndITea48rchTdVr3VGx6PN47bIKNinJAjLkmaIlz/4EBPCgJ8UmhVopiXmeAuPLI3+DXDDbMhQ==",
      "license": "Apache-2.0",
      "dependencies": {
        "@aws-sdk/core": "^3.975.2",
        "@aws-sdk/signature-v4-multi-region": "^3.996.40",
        "@aws-sdk/types": "^3.974.1",
        "@smithy/core": "^3.29.3",
        "@smithy/fetch-http-handler": "^5.6.5",
        "@smithy/node-http-handler": "^4.9.5",
        "@smithy/types": "^4.16.1",
        "tslib": "^2.6.2"
      },
      "engines": {
        "node": ">=20.0.0"
      }
    },
    "node_modules/@aws-sdk/s3-request-presigner": {
      "version": "3.1087.0",
      "resolved": "https://registry.npmjs.org/@aws-sdk/s3-request-presigner/-/s3-request-presigner-3.1087.0.tgz",
      "integrity": "sha512-tfwcw5sviZTMCYsaFGpi0XyA1O8exrjHAYDjqtTPqnroG/zaRpTi2btWT3rpxwVrKUFgEwYwPNgtHrDSVIHQMQ==",
      "license": "Apache-2.0",
      "dependencies": {
        "@aws-sdk/core": "^3.975.2",
        "@aws-sdk/signature-v4-multi-region": "^3.996.40",
        "@aws-sdk/types": "^3.974.1",
        "@smithy/core": "^3.29.3",
        "@smithy/types": "^4.16.1",
        "tslib": "^2.6.2"
      },
      "engines": {
        "node": ">=20.0.0"
      }
    },
    "node_modules/@aws-sdk/signature-v4-multi-region": {
      "version": "3.996.40",
      "resolved": "https://registry.npmjs.org/@aws-sdk/signature-v4-multi-region/-/signature-v4-multi-region-3.996.40.tgz",
      "integrity": "sha512-wrGZ/authosokclY1DXsiWT/1WjfCI22FuZGgdcilF+XLTXs5dCjAtiFYSPsEToZkbm3Lj2YP8PoWg0yoMNu0g==",
      "license": "Apache-2.0",
      "dependencies": {
        "@aws-sdk/types": "^3.974.1",
        "@smithy/signature-v4": "^5.6.3",
        "@smithy/types": "^4.16.1",
        "tslib": "^2.6.2"
      },
      "engines": {
        "node": ">=20.0.0"
      }
    },
    "node_modules/@aws-sdk/token-providers": {
      "version": "3.1087.0",
      "resolved": "https://registry.npmjs.org/@aws-sdk/token-providers/-/token-providers-3.1087.0.tgz",
      "integrity": "sha512-umM+qNq16f2fH+VLM5MqXW4ORNQAjk+TOSto73xbUHcKaU41L48j786r3UWQYlejeJk37NlvRYgxBT+MBkfaYQ==",
      "license": "Apache-2.0",
      "dependencies": {
        "@aws-sdk/core": "^3.975.2",
        "@aws-sdk/nested-clients": "^3.997.32",
        "@aws-sdk/types": "^3.974.1",
        "@smithy/core": "^3.29.3",
        "@smithy/types": "^4.16.1",
        "tslib": "^2.6.2"
      },
      "engines": {
        "node": ">=20.0.0"
      }
    },
    "node_modules/@aws-sdk/types": {
      "version": "3.974.1",
      "resolved": "https://registry.npmjs.org/@aws-sdk/types/-/types-3.974.1.tgz",
      "integrity": "sha512-W0IQZR0eaBqlBFIIofMapaWkw1W0U+Xi4dvW+BqwmCEMd8Ng2U6IhkxuPSjMVnR8klLjfuS9PeZWUl1N6UaZdg==",
      "license": "Apache-2.0",
      "dependencies": {
        "@smithy/types": "^4.16.1",
        "tslib": "^2.6.2"
      },
      "engines": {
        "node": ">=20.0.0"
      }
    },
    "node_modules/@aws-sdk/xml-builder": {
      "version": "3.972.35",
      "resolved": "https://registry.npmjs.org/@aws-sdk/xml-builder/-/xml-builder-3.972.35.tgz",
      "integrity": "sha512-pXzaWe3evZhjxDXAlMnqISe/XefTCGwBJG4nFTXaWSgAnMkqPEhxEPqJNhhpGesEvKFhvNpnozJJ4GTL11bRYw==",
      "license": "Apache-2.0",
      "dependencies": {
        "@smithy/types": "^4.16.1",
        "tslib": "^2.6.2"
      },
      "engines": {
        "node": ">=20.0.0"
      }
    },
    "node_modules/@aws/lambda-invoke-store": {
      "version": "0.3.0",
      "resolved": "https://registry.npmjs.org/@aws/lambda-invoke-store/-/lambda-invoke-store-0.3.0.tgz",
      "integrity": "sha512-sl4Bm6yiMNYrZKkqqDFWN0UfnWhlS8ivKxrYl+6t0gCLrqr8y3B2IqZZbFRkfaVVp7C/baApyh71P+LeE1A2sQ==",
      "license": "Apache-2.0",
      "engines": {
        "node": ">=18.0.0"
      }
    },
    "node_modules/@netlify/blobs": {
      "version": "8.2.0",
      "resolved": "https://registry.npmjs.org/@netlify/blobs/-/blobs-8.2.0.tgz",
      "integrity": "sha512-9djLZHBKsoKk8XCgwWSEPK9QnT8qqxEQGuYh48gFIcNLvpBKkLnHbDZuyUxmNemCfDz7h0HnMXgSPnnUVgARhg==",
      "license": "MIT",
      "engines": {
        "node": "^14.16.0 || >=16.0.0"
      }
    },
    "node_modules/@octokit/auth-token": {
      "version": "4.0.0",
      "resolved": "https://registry.npmjs.org/@octokit/auth-token/-/auth-token-4.0.0.tgz",
      "integrity": "sha512-tY/msAuJo6ARbK6SPIxZrPBms3xPbfwBrulZe0Wtr/DIY9lje2HeV1uoebShn6mx7SjCHif6EjMvoREj+gZ+SA==",
      "license": "MIT",
      "engines": {
        "node": ">= 18"
      }
    },
    "node_modules/@octokit/core": {
      "version": "5.2.2",
      "resolved": "https://registry.npmjs.org/@octokit/core/-/core-5.2.2.tgz",
      "integrity": "sha512-/g2d4sW9nUDJOMz3mabVQvOGhVa4e/BN/Um7yca9Bb2XTzPPnfTWHWQg+IsEYO7M3Vx+EXvaM/I2pJWIMun1bg==",
      "license": "MIT",
      "peer": true,
      "dependencies": {
        "@octokit/auth-token": "^4.0.0",
        "@octokit/graphql": "^7.1.0",
        "@octokit/request": "^8.4.1",
        "@octokit/request-error": "^5.1.1",
        "@octokit/types": "^13.0.0",
        "before-after-hook": "^2.2.0",
        "universal-user-agent": "^6.0.0"
      },
      "engines": {
        "node": ">= 18"
      }
    },
    "node_modules/@octokit/endpoint": {
      "version": "9.0.6",
      "resolved": "https://registry.npmjs.org/@octokit/endpoint/-/endpoint-9.0.6.tgz",
      "integrity": "sha512-H1fNTMA57HbkFESSt3Y9+FBICv+0jFceJFPWDePYlR/iMGrwM5ph+Dd4XRQs+8X+PUFURLQgX9ChPfhJ/1uNQw==",
      "license": "MIT",
      "dependencies": {
        "@octokit/types": "^13.1.0",
        "universal-user-agent": "^6.0.0"
      },
      "engines": {
        "node": ">= 18"
      }
    },
    "node_modules/@octokit/graphql": {
      "version": "7.1.1",
      "resolved": "https://registry.npmjs.org/@octokit/graphql/-/graphql-7.1.1.tgz",
      "integrity": "sha512-3mkDltSfcDUoa176nlGoA32RGjeWjl3K7F/BwHwRMJUW/IteSa4bnSV8p2ThNkcIcZU2umkZWxwETSSCJf2Q7g==",
      "license": "MIT",
      "dependencies": {
        "@octokit/request": "^8.4.1",
        "@octokit/types": "^13.0.0",
        "universal-user-agent": "^6.0.0"
      },
      "engines": {
        "node": ">= 18"
      }
    },
    "node_modules/@octokit/openapi-types": {
      "version": "24.2.0",
      "resolved": "https://registry.npmjs.org/@octokit/openapi-types/-/openapi-types-24.2.0.tgz",
      "integrity": "sha512-9sIH3nSUttelJSXUrmGzl7QUBFul0/mB8HRYl3fOlgHbIWG+WnYDXU3v/2zMtAvuzZ/ed00Ei6on975FhBfzrg==",
      "license": "MIT"
    },
    "node_modules/@octokit/plugin-paginate-rest": {
      "version": "11.4.4-cjs.2",
      "resolved": "https://registry.npmjs.org/@octokit/plugin-paginate-rest/-/plugin-paginate-rest-11.4.4-cjs.2.tgz",
      "integrity": "sha512-2dK6z8fhs8lla5PaOTgqfCGBxgAv/le+EhPs27KklPhm1bKObpu6lXzwfUEQ16ajXzqNrKMujsFyo9K2eaoISw==",
      "license": "MIT",
      "dependencies": {
        "@octokit/types": "^13.7.0"
      },
      "engines": {
        "node": ">= 18"
      },
      "peerDependencies": {
        "@octokit/core": "5"
      }
    },
    "node_modules/@octokit/plugin-request-log": {
      "version": "4.0.1",
      "resolved": "https://registry.npmjs.org/@octokit/plugin-request-log/-/plugin-request-log-4.0.1.tgz",
      "integrity": "sha512-GihNqNpGHorUrO7Qa9JbAl0dbLnqJVrV8OXe2Zm5/Y4wFkZQDfTreBzVmiRfJVfE4mClXdihHnbpyyO9FSX4HA==",
      "license": "MIT",
      "engines": {
        "node": ">= 18"
      },
      "peerDependencies": {
        "@octokit/core": "5"
      }
    },
    "node_modules/@octokit/plugin-rest-endpoint-methods": {
      "version": "13.3.2-cjs.1",
      "resolved": "https://registry.npmjs.org/@octokit/plugin-rest-endpoint-methods/-/plugin-rest-endpoint-methods-13.3.2-cjs.1.tgz",
      "integrity": "sha512-VUjIjOOvF2oELQmiFpWA1aOPdawpyaCUqcEBc/UOUnj3Xp6DJGrJ1+bjUIIDzdHjnFNO6q57ODMfdEZnoBkCwQ==",
      "license": "MIT",
      "dependencies": {
        "@octokit/types": "^13.8.0"
      },
      "engines": {
        "node": ">= 18"
      },
      "peerDependencies": {
        "@octokit/core": "^5"
      }
    },
    "node_modules/@octokit/request": {
      "version": "8.4.1",
      "resolved": "https://registry.npmjs.org/@octokit/request/-/request-8.4.1.tgz",
      "integrity": "sha512-qnB2+SY3hkCmBxZsR/MPCybNmbJe4KAlfWErXq+rBKkQJlbjdJeS85VI9r8UqeLYLvnAenU8Q1okM/0MBsAGXw==",
      "license": "MIT",
      "dependencies": {
        "@octokit/endpoint": "^9.0.6",
        "@octokit/request-error": "^5.1.1",
        "@octokit/types": "^13.1.0",
        "universal-user-agent": "^6.0.0"
      },
      "engines": {
        "node": ">= 18"
      }
    },
    "node_modules/@octokit/request-error": {
      "version": "5.1.1",
      "resolved": "https://registry.npmjs.org/@octokit/request-error/-/request-error-5.1.1.tgz",
      "integrity": "sha512-v9iyEQJH6ZntoENr9/yXxjuezh4My67CBSu9r6Ve/05Iu5gNgnisNWOsoJHTP6k0Rr0+HQIpnH+kyammu90q/g==",
      "license": "MIT",
      "dependencies": {
        "@octokit/types": "^13.1.0",
        "deprecation": "^2.0.0",
        "once": "^1.4.0"
      },
      "engines": {
        "node": ">= 18"
      }
    },
    "node_modules/@octokit/rest": {
      "version": "20.1.2",
      "resolved": "https://registry.npmjs.org/@octokit/rest/-/rest-20.1.2.tgz",
      "integrity": "sha512-GmYiltypkHHtihFwPRxlaorG5R9VAHuk/vbszVoRTGXnAsY60wYLkh/E2XiFmdZmqrisw+9FaazS1i5SbdWYgA==",
      "license": "MIT",
      "dependencies": {
        "@octokit/core": "^5.0.2",
        "@octokit/plugin-paginate-rest": "11.4.4-cjs.2",
        "@octokit/plugin-request-log": "^4.0.0",
        "@octokit/plugin-rest-endpoint-methods": "13.3.2-cjs.1"
      },
      "engines": {
        "node": ">= 18"
      }
    },
    "node_modules/@octokit/types": {
      "version": "13.10.0",
      "resolved": "https://registry.npmjs.org/@octokit/types/-/types-13.10.0.tgz",
      "integrity": "sha512-ifLaO34EbbPj0Xgro4G5lP5asESjwHracYJvVaPIyXMuiuXLlhic3S47cBdTb+jfODkTE5YtGCLt3Ay3+J97sA==",
      "license": "MIT",
      "dependencies": {
        "@octokit/openapi-types": "^24.2.0"
      }
    },
    "node_modules/@smithy/core": {
      "version": "3.29.3",
      "resolved": "https://registry.npmjs.org/@smithy/core/-/core-3.29.3.tgz",
      "integrity": "sha512-L+Ys6ecjk5vwPMAKHBpPKlJ3DkqwNcnfEISXBZIsVvWG/XKXfsAP8mwIYlTeLcd2ElHdesPI8OuOmJSFAPhm6A==",
      "license": "Apache-2.0",
      "dependencies": {
        "@smithy/types": "^4.16.1",
        "tslib": "^2.6.2"
      },
      "engines": {
        "node": ">=18.0.0"
      }
    },
    "node_modules/@smithy/credential-provider-imds": {
      "version": "4.4.8",
      "resolved": "https://registry.npmjs.org/@smithy/credential-provider-imds/-/credential-provider-imds-4.4.8.tgz",
      "integrity": "sha512-q9J7JTiXrAhB8sDp4px97uEPT7CwKH61Co78grdNQvU8QZAdiuaSRhP0tUVf2ogy36RZTrlMU1rBmDEH+cnkiA==",
      "license": "Apache-2.0",
      "dependencies": {
        "@smithy/core": "^3.29.3",
        "@smithy/types": "^4.16.1",
        "tslib": "^2.6.2"
      },
      "engines": {
        "node": ">=18.0.0"
      }
    },
    "node_modules/@smithy/fetch-http-handler": {
      "version": "5.6.5",
      "resolved": "https://registry.npmjs.org/@smithy/fetch-http-handler/-/fetch-http-handler-5.6.5.tgz",
      "integrity": "sha512-SuqeisTyPoiIPtIYru/sGxGyXzmZ+8nnFOhC+qRPglt06Ebd1yH//CDltZB2J/3WBNVhwfUaZ0EtHB3cm2X32g==",
      "license": "Apache-2.0",
      "dependencies": {
        "@smithy/core": "^3.29.3",
        "@smithy/types": "^4.16.1",
        "tslib": "^2.6.2"
      },
      "engines": {
        "node": ">=18.0.0"
      }
    },
    "node_modules/@smithy/node-http-handler": {
      "version": "4.9.5",
      "resolved": "https://registry.npmjs.org/@smithy/node-http-handler/-/node-http-handler-4.9.5.tgz",
      "integrity": "sha512-bNqdxTQTxmLbomSmlkZFz8L6B/feQ2HHzw4L2zY7Ecp2XffYAZq2uzdWDdxJHJFbEvqd+SRuluJso0P8+xPdbw==",
      "license": "Apache-2.0",
      "dependencies": {
        "@smithy/core": "^3.29.3",
        "@smithy/types": "^4.16.1",
        "tslib": "^2.6.2"
      },
      "engines": {
        "node": ">=18.0.0"
      }
    },
    "node_modules/@smithy/signature-v4": {
      "version": "5.6.4",
      "resolved": "https://registry.npmjs.org/@smithy/signature-v4/-/signature-v4-5.6.4.tgz",
      "integrity": "sha512-B89bpf2t/y/wia6LZ+4JfHXYQT9PnVftsH05rgJKKIStS7r/4XSs9HOjtPoLtgcA6HCW9jVqX5DBbq7E0PAkiQ==",
      "license": "Apache-2.0",
      "dependencies": {
        "@smithy/core": "^3.29.3",
        "@smithy/types": "^4.16.1",
        "tslib": "^2.6.2"
      },
      "engines": {
        "node": ">=18.0.0"
      }
    },
    "node_modules/@smithy/types": {
      "version": "4.16.1",
      "resolved": "https://registry.npmjs.org/@smithy/types/-/types-4.16.1.tgz",
      "integrity": "sha512-0JFs3V2y2M9tKW5na/qxe69Zv+uxLMO7QBbhxF/FHu/Gp2NFZAAL9tWl9PU02xxo07pb3G9FTyjNc6D5uZrJIg==",
      "license": "Apache-2.0",
      "dependencies": {
        "tslib": "^2.6.2"
      },
      "engines": {
        "node": ">=18.0.0"
      }
    },
    "node_modules/before-after-hook": {
      "version": "2.2.3",
      "resolved": "https://registry.npmjs.org/before-after-hook/-/before-after-hook-2.2.3.tgz",
      "integrity": "sha512-NzUnlZexiaH/46WDhANlyR2bXRopNg4F/zuSA3OpZnllCUgRaOF2znDioDWrmbNVsuZk6l9pMquQB38cfBZwkQ==",
      "license": "Apache-2.0"
    },
    "node_modules/bowser": {
      "version": "2.14.1",
      "resolved": "https://registry.npmjs.org/bowser/-/bowser-2.14.1.tgz",
      "integrity": "sha512-tzPjzCxygAKWFOJP011oxFHs57HzIhOEracIgAePE4pqB3LikALKnSzUyU4MGs9/iCEUuHlAJTjTc5M+u7YEGg==",
      "license": "MIT"
    },
    "node_modules/deprecation": {
      "version": "2.3.1",
      "resolved": "https://registry.npmjs.org/deprecation/-/deprecation-2.3.1.tgz",
      "integrity": "sha512-xmHIy4F3scKVwMsQ4WnVaS8bHOx0DmVwRywosKhaILI0ywMDWPtBSku2HNxRvF7jtwDRsoEwYQSfbxj8b7RlJQ==",
      "license": "ISC"
    },
    "node_modules/once": {
      "version": "1.4.0",
      "resolved": "https://registry.npmjs.org/once/-/once-1.4.0.tgz",
      "integrity": "sha512-lNaJgI+2Q5URQBkccEKHTQOPaXdUxnZZElQTZY0MFUAuaEqe1E+Nyvgdz/aIyNi6Z9MzO5dv1H8n58/GELp3+w==",
      "license": "ISC",
      "dependencies": {
        "wrappy": "1"
      }
    },
    "node_modules/shippo": {
      "version": "2.18.0",
      "resolved": "https://registry.npmjs.org/shippo/-/shippo-2.18.0.tgz",
      "integrity": "sha512-cTSwKlH8IFrtuaH3X9iOPy+kG32KVegKkDmj+ICrkl+rpUPeKz4MKdSNUAQnxoP66ezIfj7Tnfv2+3hluUxh8g==",
      "license": "MIT",
      "dependencies": {
        "zod": "^3.25.65 || ^4.0.0"
      }
    },
    "node_modules/stripe": {
      "version": "22.0.0",
      "resolved": "https://registry.npmjs.org/stripe/-/stripe-22.0.0.tgz",
      "integrity": "sha512-q1UgXXpSfZCmkyzZEh3vFEWT7+ajuaFGqaP9Tsi2NMtwlkigIWNr+KBIUQqtNeNEsreDKgdn+BP5HRW9JDj22Q==",
      "license": "MIT",
      "engines": {
        "node": ">=18"
      },
      "peerDependencies": {
        "@types/node": ">=18"
      },
      "peerDependenciesMeta": {
        "@types/node": {
          "optional": true
        }
      }
    },
    "node_modules/tslib": {
      "version": "2.8.1",
      "resolved": "https://registry.npmjs.org/tslib/-/tslib-2.8.1.tgz",
      "integrity": "sha512-oJFu94HQb+KVduSUQL7wnpmqnfmLsOA/nAh6b6EH0wCEoK0/mPeXU6c3wKDV83MkOuHPRHtSXKKU99IBazS/2w==",
      "license": "0BSD"
    },
    "node_modules/universal-user-agent": {
      "version": "6.0.1",
      "resolved": "https://registry.npmjs.org/universal-user-agent/-/universal-user-agent-6.0.1.tgz",
      "integrity": "sha512-yCzhz6FN2wU1NiiQRogkTQszlQSlpWaw8SvVegAc+bDxbzHgh1vX8uIe8OYyMH6DwH+sdTJsgMl36+mSMdRJIQ==",
      "license": "ISC"
    },
    "node_modules/wrappy": {
      "version": "1.0.2",
      "resolved": "https://registry.npmjs.org/wrappy/-/wrappy-1.0.2.tgz",
      "integrity": "sha512-l4Sp/DRseor9wL6EvV2+TuQn63dMkPjZ/sp9XkghTEbV9KlPS1xUsZ3u7/IQO4wxtcFB4bgpQPRcR3QCvezPcQ==",
      "license": "ISC"
    },
    "node_modules/zod": {
      "version": "4.3.6",
      "resolved": "https://registry.npmjs.org/zod/-/zod-4.3.6.tgz",
      "integrity": "sha512-rftlrkhHZOcjDwkGlnUtZZkvaPHCsDATp4pGpuOOMDaTdDDXF91wuVDJoWoPsKX/3YPQ5fHuF3STjcYyKr+Qhg==",
      "license": "MIT",
      "funding": {
        "url": "https://github.com/sponsors/colinhacks"
      }
    }
  }
}
